{
  "name": "game",
  "version": "1.0.0",
  "lockfileVersion": 3,
  "requires": true,
  "packages": {
    "": {
      "name": "game",
      "version": "1.0.0",
      "license": "ISC",
      "dependencies": {
        "chess.js": "^1.0.0-beta.8",
        "chessboardjs": "^0.0.1"
      }
    },
    "node_modules/chess.js": {
      "version": "1.0.0-beta.8",
      "resolved": "https://registry.npmjs.org/chess.js/-/chess.js-1.0.0-beta.8.tgz",
      "integrity": "sha512-UngzUMXmexcQaQA/UEJuJj5vatEy34awYMD5YMOp/FW3HM7lqspp7ymYs5JAmquDq0WROtURRfSffoa/vrCCyw==",
      "license": "BSD-2-Clause"
    },
    "node_modules/chessboardjs": {
      "version": "0.0.1",
      "resolved": "https://registry.npmjs.org/chessboardjs/-/chessboardjs-0.0.1.tgz",
      "integrity": "sha512-VK8mGqWQ4fk3rKre5T17F9yIxJRP/L+oS29zXL0nuhQfY3rAoKcdyPZziR2S7AfNhqPL45VmdhdspcAFR9CXww==",
      "license": "MIT"
    }
  }
}
